
Microsoft Visual Studio Solution File, Format Version 12.00
# Visual Studio Version 17
VisualStudioVersion = 17.9.34723.18
MinimumVisualStudioVersion = 10.0.40219.1
Project("{9A19103F-16F7-4668-BE54-9A1E7A4F7556}") = "UsernameGenerator", "UsernameGenerator\UsernameGenerator.csproj", "{6602DA0F-3DA2-4F00-93C7-BF792940B729}"
EndProject
Project("{FAE04EC0-301F-11D3-BF4B-00C04F79EFBC}") = "UsernameGenerator.Tests", "UsernameGenerator.Tests\UsernameGenerator.Tests.csproj", "{276ECEEB-BCFD-4745-9D8E-E2F98E7D6A1F}"
EndProject
Global
	GlobalSection(SolutionConfigurationPlatforms) = preSolution
		Debug|Any CPU = Debug|Any CPU
		Release|Any CPU = Release|Any CPU
	EndGlobalSection
	GlobalSection(ProjectConfigurationPlatforms) = postSolution
		{6602DA0F-3DA2-4F00-93C7-BF792940B729}.Debug|Any CPU.ActiveCfg = Debug|Any CPU
		{6602DA0F-3DA2-4F00-93C7-BF792940B729}.Debug|Any CPU.Build.0 = Debug|Any CPU
		{6602DA0F-3DA2-4F00-93C7-BF792940B729}.Release|Any CPU.ActiveCfg = Release|Any CPU
		{6602DA0F-3DA2-4F00-93C7-BF792940B729}.Release|Any CPU.Build.0 = Release|Any CPU
		{276ECEEB-BCFD-4745-9D8E-E2F98E7D6A1F}.Debug|Any CPU.ActiveCfg = Debug|Any CPU
		{276ECEEB-BCFD-4745-9D8E-E2F98E7D6A1F}.Debug|Any CPU.Build.0 = Debug|Any CPU
		{276ECEEB-BCFD-4745-9D8E-E2F98E7D6A1F}.Release|Any CPU.ActiveCfg = Release|Any CPU
		{276ECEEB-BCFD-4745-9D8E-E2F98E7D6A1F}.Release|Any CPU.Build.0 = Release|Any CPU
	EndGlobalSection
	GlobalSection(SolutionProperties) = preSolution
		HideSolutionNode = FALSE
	EndGlobalSection
	GlobalSection(ExtensibilityGlobals) = postSolution
		SolutionGuid = {8C489A8B-5108-463E-A274-C3A67EB4F7BE}
	EndGlobalSection
EndGlobal
